// !$*UTF8*$!
{
	archiveVersion = 1;
	classes = {
	};
	objectVersion = 46;
	objects = {

/* Begin PBXBuildFile section */
		A328A6171E29CD5F007F52E6 /* AppDelegate.swift in Sources */ = {isa = PBXBuildFile; fileRef = A328A6161E29CD5F007F52E6 /* AppDelegate.swift */; };
		A328A61C1E29CD5F007F52E6 /* Main.storyboard in Resources */ = {isa = PBXBuildFile; fileRef = A328A61A1E29CD5F007F52E6 /* Main.storyboard */; };
		A328A61E1E29CD5F007F52E6 /* Assets.xcassets in Resources */ = {isa = PBXBuildFile; fileRef = A328A61D1E29CD5F007F52E6 /* Assets.xcassets */; };
		A328A6211E29CD5F007F52E6 /* LaunchScreen.storyboard in Resources */ = {isa = PBXBuildFile; fileRef = A328A61F1E29CD5F007F52E6 /* LaunchScreen.storyboard */; };
		A328A62D1E29D585007F52E6 /* WebViewController.swift in Sources */ = {isa = PBXBuildFile; fileRef = A328A62C1E29D585007F52E6 /* WebViewController.swift */; };
		A3498A471E2BC874006169EA /* NetworkingClass.swift in Sources */ = {isa = PBXBuildFile; fileRef = A3498A461E2BC874006169EA /* NetworkingClass.swift */; };
		A3B95C401E2A6FC100CE230C /* RealmModels.swift in Sources */ = {isa = PBXBuildFile; fileRef = A3B95C3F1E2A6FC100CE230C /* RealmModels.swift */; };
		D7CC3A15E1966230E7BC3D2E /* Pods_PowrBrowser.framework in Frameworks */ = {isa = PBXBuildFile; fileRef = F9A078210C38026468FAF809 /* Pods_PowrBrowser.framework */; };
/* End PBXBuildFile section */

/* Begin PBXFileReference section */
		5CD466A1802D8E9A5FDA0D6E /* Pods-PowrBrowser.release.xcconfig */ = {isa = PBXFileReference; includeInIndex = 1; lastKnownFileType = text.xcconfig; name = "Pods-PowrBrowser.release.xcconfig"; path = "Pods/Target Support Files/Pods-PowrBrowser/Pods-PowrBrowser.release.xcconfig"; sourceTree = "<group>"; };
		A328A6131E29CD5F007F52E6 /* PowrBrowser.app */ = {isa = PBXFileReference; explicitFileType = wrapper.application; includeInIndex = 0; path = PowrBrowser.app; sourceTree = BUILT_PRODUCTS_DIR; };
		A328A6161E29CD5F007F52E6 /* AppDelegate.swift */ = {isa = PBXFileReference; lastKnownFileType = sourcecode.swift; path = AppDelegate.swift; sourceTree = "<group>"; };
		A328A61B1E29CD5F007F52E6 /* Base */ = {isa = PBXFileReference; lastKnownFileType = file.storyboard; name = Base; path = Base.lproj/Main.storyboard; sourceTree = "<group>"; };
		A328A61D1E29CD5F007F52E6 /* Assets.xcassets */ = {isa = PBXFileReference; lastKnownFileType = folder.assetcatalog; path = Assets.xcassets; sourceTree = "<group>"; };
		A328A6201E29CD5F007F52E6 /* Base */ = {isa = PBXFileReference; lastKnownFileType = file.storyboard; name = Base; path = Base.lproj/LaunchScreen.storyboard; sourceTree = "<group>"; };
		A328A6221E29CD5F007F52E6 /* Info.plist */ = {isa = PBXFileReference; lastKnownFileType = text.plist.xml; path = Info.plist; sourceTree = "<group>"; };
		A328A62C1E29D585007F52E6 /* WebViewController.swift */ = {isa = PBXFileReference; fileEncoding = 4; lastKnownFileType = sourcecode.swift; path = WebViewController.swift; sourceTree = "<group>"; };
		A3498A461E2BC874006169EA /* NetworkingClass.swift */ = {isa = PBXFileReference; fileEncoding = 4; lastKnownFileType = sourcecode.swift; path = NetworkingClass.swift; sourceTree = "<group>"; };
		A3B95C3F1E2A6FC100CE230C /* RealmModels.swift */ = {isa = PBXFileReference; fileEncoding = 4; lastKnownFileType = sourcecode.swift; path = RealmModels.swift; sourceTree = "<group>"; };
		CDB417D3452958A784ECE20F /* Pods-PowrBrowser.debug.xcconfig */ = {isa = PBXFileReference; includeInIndex = 1; lastKnownFileType = text.xcconfig; name = "Pods-PowrBrowser.debug.xcconfig"; path = "Pods/Target Support Files/Pods-PowrBrowser/Pods-PowrBrowser.debug.xcconfig"; sourceTree = "<group>"; };
		F9A078210C38026468FAF809 /* Pods_PowrBrowser.framework */ = {isa = PBXFileReference; explicitFileType = wrapper.framework; includeInIndex = 0; path = Pods_PowrBrowser.framework; sourceTree = BUILT_PRODUCTS_DIR; };
/* End PBXFileReference section */

/* Begin PBXFrameworksBuildPhase section */
		A328A6101E29CD5F007F52E6 /* Frameworks */ = {
			isa = PBXFrameworksBuildPhase;
			buildActionMask = 2147483647;
			files = (
				D7CC3A15E1966230E7BC3D2E /* Pods_PowrBrowser.framework in Frameworks */,
			);
			runOnlyForDeploymentPostprocessing = 0;
		};
/* End PBXFrameworksBuildPhase section */

/* Begin PBXGroup section */
		A328A60A1E29CD5F007F52E6 = {
			isa = PBXGroup;
			children = (
				A328A6151E29CD5F007F52E6 /* PowrBrowser */,
				A328A6141E29CD5F007F52E6 /* Products */,
				DAE97E2F363EA65CD199AFE8 /* Pods */,
				A83A0E002A2F6EC3014058DE /* Frameworks */,
			);
			sourceTree = "<group>";
		};
		A328A6141E29CD5F007F52E6 /* Products */ = {
			isa = PBXGroup;
			children = (
				A328A6131E29CD5F007F52E6 /* PowrBrowser.app */,
			);
			name = Products;
			sourceTree = "<group>";
		};
		A328A6151E29CD5F007F52E6 /* PowrBrowser */ = {
			isa = PBXGroup;
			children = (
				A328A62B1E29D56C007F52E6 /* Controllers */,
				A328A6281E29CE30007F52E6 /* Model */,
				A328A6161E29CD5F007F52E6 /* AppDelegate.swift */,
				A328A61A1E29CD5F007F52E6 /* Main.storyboard */,
				A328A61D1E29CD5F007F52E6 /* Assets.xcassets */,
				A328A61F1E29CD5F007F52E6 /* LaunchScreen.storyboard */,
				A328A6221E29CD5F007F52E6 /* Info.plist */,
			);
			path = PowrBrowser;
			sourceTree = "<group>";
		};
		A328A6281E29CE30007F52E6 /* Model */ = {
			isa = PBXGroup;
			children = (
				A3B95C3F1E2A6FC100CE230C /* RealmModels.swift */,
				A3498A461E2BC874006169EA /* NetworkingClass.swift */,
			);
			name = Model;
			sourceTree = "<group>";
		};
		A328A62B1E29D56C007F52E6 /* Controllers */ = {
			isa = PBXGroup;
			children = (
				A328A62C1E29D585007F52E6 /* WebViewController.swift */,
			);
			name = Controllers;
			sourceTree = "<group>";
		};
		A83A0E002A2F6EC3014058DE /* Frameworks */ = {
			isa = PBXGroup;
			children = (
				F9A078210C38026468FAF809 /* Pods_PowrBrowser.framework */,
			);
			name = Frameworks;
			sourceTree = "<group>";
		};
		DAE97E2F363EA65CD199AFE8 /* Pods */ = {
			isa = PBXGroup;
			children = (
				CDB417D3452958A784ECE20F /* Pods-PowrBrowser.debug.xcconfig */,
				5CD466A1802D8E9A5FDA0D6E /* Pods-PowrBrowser.release.xcconfig */,
			);
			name = Pods;
			sourceTree = "<group>";
		};
/* End PBXGroup section */

/* Begin PBXNativeTarget section */
		A328A6121E29CD5F007F52E6 /* PowrBrowser */ = {
			isa = PBXNativeTarget;
			buildConfigurationList = A328A6251E29CD5F007F52E6 /* Build configuration list for PBXNativeTarget "PowrBrowser" */;
			buildPhases = (
				9FA794547EB77CA33B4E1DBE /* [CP] Check Pods Manifest.lock */,
				A328A60F1E29CD5F007F52E6 /* Sources */,
				A328A6101E29CD5F007F52E6 /* Frameworks */,
				A328A6111E29CD5F007F52E6 /* Resources */,
				55C0884649DFFC90CEF15D46 /* [CP] Embed Pods Frameworks */,
				97A5E1B5F97041C3187FC4F4 /* [CP] Copy Pods Resources */,
			);
			buildRules = (
			);
			dependencies = (
			);
			name = PowrBrowser;
			productName = PowrBrowser;
			productReference = A328A6131E29CD5F007F52E6 /* PowrBrowser.app */;
			productType = "com.apple.product-type.application";
		};
/* End PBXNativeTarget section */

/* Begin PBXProject section */
		A328A60B1E29CD5F007F52E6 /* Project object */ = {
			isa = PBXProject;
			attributes = {
				LastSwiftUpdateCheck = 0820;
				LastUpgradeCheck = 0820;
				ORGANIZATIONNAME = "Kunal Verma";
				TargetAttributes = {
					A328A6121E29CD5F007F52E6 = {
						CreatedOnToolsVersion = 8.2.1;
						DevelopmentTeam = B75YN3KWEL;
						ProvisioningStyle = Automatic;
					};
				};
			};
			buildConfigurationList = A328A60E1E29CD5F007F52E6 /* Build configuration list for PBXProject "PowrBrowser" */;
			compatibilityVersion = "Xcode 3.2";
			developmentRegion = English;
			hasScannedForEncodings = 0;
			knownRegions = (
				en,
				Base,
			);
			mainGroup = A328A60A1E29CD5F007F52E6;
			productRefGroup = A328A6141E29CD5F007F52E6 /* Products */;
			projectDirPath = "";
			projectRoot = "";
			targets = (
				A328A6121E29CD5F007F52E6 /* PowrBrowser */,
			);
		};
/* End PBXProject section */

/* Begin PBXResourcesBuildPhase section */
		A328A6111E29CD5F007F52E6 /* Resources */ = {
			isa = PBXResourcesBuildPhase;
			buildActionMask = 2147483647;
			files = (
				A328A6211E29CD5F007F52E6 /* LaunchScreen.storyboard in Resources */,
				A328A61E1E29CD5F007F52E6 /* Assets.xcassets in Resources */,
				A328A61C1E29CD5F007F52E6 /* Main.storyboard in Resources */,
			);
			runOnlyForDeploymentPostprocessing = 0;
		};
/* End PBXResourcesBuildPhase section */

/* Begin PBXShellScriptBuildPhase section */
		55C0884649DFFC90CEF15D46 /* [CP] Embed Pods Frameworks */ = {
			isa = PBXShellScriptBuildPhase;
			buildActionMask = 2147483647;
			files = (
			);
			inputPaths = (
			);
			name = "[CP] Embed Pods Frameworks";
			outputPaths = (
			);
			runOnlyForDeploymentPostprocessing = 0;
			shellPath = /bin/sh;
			shellScript = "\"${SRCROOT}/Pods/Target Support Files/Pods-PowrBrowser/Pods-PowrBrowser-frameworks.sh\"\n";
			showEnvVarsInLog = 0;
		};
		97A5E1B5F97041C3187FC4F4 /* [CP] Copy Pods Resources */ = {
			isa = PBXShellScriptBuildPhase;
			buildActionMask = 2147483647;
			files = (
			);
			inputPaths = (
			);
			name = "[CP] Copy Pods Resources";
			outputPaths = (
			);
			runOnlyForDeploymentPostprocessing = 0;
			shellPath = /bin/sh;
			shellScript = "\"${SRCROOT}/Pods/Target Support Files/Pods-PowrBrowser/Pods-PowrBrowser-resources.sh\"\n";
			showEnvVarsInLog = 0;
		};
		9FA794547EB77CA33B4E1DBE /* [CP] Check Pods Manifest.lock */ = {
			isa = PBXShellScriptBuildPhase;
			buildActionMask = 2147483647;
			files = (
			);
			inputPaths = (
			);
			name = "[CP] Check Pods Manifest.lock";
			outputPaths = (
			);
			runOnlyForDeploymentPostprocessing = 0;
			shellPath = /bin/sh;
			shellScript = "diff \"${PODS_ROOT}/../Podfile.lock\" \"${PODS_ROOT}/Manifest.lock\" > /dev/null\nif [ $? != 0 ] ; then\n    # print error to STDERR\n    echo \"error: The sandbox is not in sync with the Podfile.lock. Run 'pod install' or update your CocoaPods installation.\" >&2\n    exit 1\nfi\n";
			showEnvVarsInLog = 0;
		};
/* End PBXShellScriptBuildPhase section */

/* Begin PBXSourcesBuildPhase section */
		A328A60F1E29CD5F007F52E6 /* Sources */ = {
			isa = PBXSourcesBuildPhase;
			buildActionMask = 2147483647;
			files = (
				A328A6171E29CD5F007F52E6 /* AppDelegate.swift in Sources */,
				A3B95C401E2A6FC100CE230C /* RealmModels.swift in Sources */,
				A3498A471E2BC874006169EA /* NetworkingClass.swift in Sources */,
				A328A62D1E29D585007F52E6 /* WebViewController.swift in Sources */,
			);
			runOnlyForDeploymentPostprocessing = 0;
		};
/* End PBXSourcesBuildPhase section */

/* Begin PBXVariantGroup section */
		A328A61A1E29CD5F007F52E6 /* Main.storyboard */ = {
			isa = PBXVariantGroup;
			children = (
				A328A61B1E29CD5F007F52E6 /* Base */,
			);
			name = Main.storyboard;
			sourceTree = "<group>";
		};
		A328A61F1E29CD5F007F52E6 /* LaunchScreen.storyboard */ = {
			isa = PBXVariantGroup;
			children = (
				A328A6201E29CD5F007F52E6 /* Base */,
			);
			name = LaunchScreen.storyboard;
			sourceTree = "<group>";
		};
/* End PBXVariantGroup section */

/* Begin XCBuildConfiguration section */
		A328A6231E29CD5F007F52E6 /* Debug */ = {
			isa = XCBuildConfiguration;
			buildSettings = {
				ALWAYS_SEARCH_USER_PATHS = NO;
				CLANG_ANALYZER_NONNULL = YES;
				CLANG_CXX_LANGUAGE_STANDARD = "gnu++0x";
				CLANG_CXX_LIBRARY = "libc++";
				CLANG_ENABLE_MODULES = YES;
				CLANG_ENABLE_OBJC_ARC = YES;
				CLANG_WARN_BOOL_CONVERSION = YES;
				CLANG_WARN_CONSTANT_CONVERSION = YES;
				CLANG_WARN_DIRECT_OBJC_ISA_USAGE = YES_ERROR;
				CLANG_WARN_DOCUMENTATION_COMMENTS = YES;
				CLANG_WARN_EMPTY_BODY = YES;
				CLANG_WARN_ENUM_CONVERSION = YES;
				CLANG_WARN_INFINITE_RECURSION = YES;
				CLANG_WARN_INT_CONVERSION = YES;
				CLANG_WARN_OBJC_ROOT_CLASS = YES_ERROR;
				CLANG_WARN_SUSPICIOUS_MOVE = YES;
				CLANG_WARN_UNREACHABLE_CODE = YES;
				CLANG_WARN__DUPLICATE_METHOD_MATCH = YES;
				"CODE_SIGN_IDENTITY[sdk=iphoneos*]" = "iPhone Developer";
				COPY_PHASE_STRIP = NO;
				DEBUG_INFORMATION_FORMAT = dwarf;
				ENABLE_STRICT_OBJC_MSGSEND = YES;
				ENABLE_TESTABILITY = YES;
				GCC_C_LANGUAGE_STANDARD = gnu99;
				GCC_DYNAMIC_NO_PIC = NO;
				GCC_NO_COMMON_BLOCKS = YES;
				GCC_OPTIMIZATION_LEVEL = 0;
				GCC_PREPROCESSOR_DEFINITIONS = (
					"DEBUG=1",
					"$(inherited)",
				);
				GCC_WARN_64_TO_32_BIT_CONVERSION = YES;
				GCC_WARN_ABOUT_RETURN_TYPE = YES_ERROR;
				GCC_WARN_UNDECLARED_SELECTOR = YES;
				GCC_WARN_UNINITIALIZED_AUTOS = YES_AGGRESSIVE;
				GCC_WARN_UNUSED_FUNCTION = YES;
				GCC_WARN_UNUSED_VARIABLE = YES;
				IPHONEOS_DEPLOYMENT_TARGET = 10.2;
				MTL_ENABLE_DEBUG_INFO = YES;
				ONLY_ACTIVE_ARCH = YES;
				SDKROOT = iphoneos;
				SWIFT_ACTIVE_COMPILATION_CONDITIONS = DEBUG;
				SWIFT_OPTIMIZATION_LEVEL = "-Onone";
				TARGETED_DEVICE_FAMILY = "1,2";
			};
			name = Debug;
		};
		A328A6241E29CD5F007F52E6 /* Release */ = {
			isa = XCBuildConfiguration;
			buildSettings = {
				ALWAYS_SEARCH_USER_PATHS = NO;
				CLANG_ANALYZER_NONNULL = YES;
				CLANG_CXX_LANGUAGE_STANDARD = "gnu++0x";
				CLANG_CXX_LIBRARY = "libc++";
				CLANG_ENABLE_MODULES = YES;
				CLANG_ENABLE_OBJC_ARC = YES;
				CLANG_WARN_BOOL_CONVERSION = YES;
				CLANG_WARN_CONSTANT_CONVERSION = YES;
				CLANG_WARN_DIRECT_OBJC_ISA_USAGE = YES_ERROR;
				CLANG_WARN_DOCUMENTATION_COMMENTS = YES;
				CLANG_WARN_EMPTY_BODY = YES;
				CLANG_WARN_ENUM_CONVERSION = YES;
				CLANG_WARN_INFINITE_RECURSION = YES;
				CLANG_WARN_INT_CONVERSION = YES;
				CLANG_WARN_OBJC_ROOT_CLASS = YES_ERROR;
				CLANG_WARN_SUSPICIOUS_MOVE = YES;
				CLANG_WARN_UNREACHABLE_CODE = YES;
				CLANG_WARN__DUPLICATE_METHOD_MATCH = YES;
				"CODE_SIGN_IDENTITY[sdk=iphoneos*]" = "iPhone Developer";
				COPY_PHASE_STRIP = NO;
				DEBUG_INFORMATION_FORMAT = "dwarf-with-dsym";
				ENABLE_NS_ASSERTIONS = NO;
				ENABLE_STRICT_OBJC_MSGSEND = YES;
				GCC_C_LANGUAGE_STANDARD = gnu99;
				GCC_NO_COMMON_BLOCKS = YES;
				GCC_WARN_64_TO_32_BIT_CONVERSION = YES;
				GCC_WARN_ABOUT_RETURN_TYPE = YES_ERROR;
				GCC_WARN_UNDECLARED_SELECTOR = YES;
				GCC_WARN_UNINITIALIZED_AUTOS = YES_AGGRESSIVE;
				GCC_WARN_UNUSED_FUNCTION = YES;
				GCC_WARN_UNUSED_VARIABLE = YES;
				IPHONEOS_DEPLOYMENT_TARGET = 10.2;
				MTL_ENABLE_DEBUG_INFO = NO;
				SDKROOT = iphoneos;
				SWIFT_OPTIMIZATION_LEVEL = "-Owholemodule";
				TARGETED_DEVICE_FAMILY = "1,2";
				VALIDATE_PRODUCT = YES;
			};
			name = Release;
		};
		A328A6261E29CD5F007F52E6 /* Debug */ = {
			isa = XCBuildConfiguration;
			baseConfigurationReference = CDB417D3452958A784ECE20F /* Pods-PowrBrowser.debug.xcconfig */;
			buildSettings = {
				ASSETCATALOG_COMPILER_APPICON_NAME = AppIcon;
				DEVELOPMENT_TEAM = B75YN3KWEL;
				INFOPLIST_FILE = PowrBrowser/Info.plist;
				IPHONEOS_DEPLOYMENT_TARGET = 9.0;
				LD_RUNPATH_SEARCH_PATHS = "$(inherited) @executable_path/Frameworks";
				PRODUCT_BUNDLE_IDENTIFIER = com.powr.PowrBrowser;
				PRODUCT_NAME = "$(TARGET_NAME)";
				SWIFT_VERSION = 3.0;
			};
			name = Debug;
		};
		A328A6271E29CD5F007F52E6 /* Release */ = {
			isa = XCBuildConfiguration;
			baseConfigurationReference = 5CD466A1802D8E9A5FDA0D6E /* Pods-PowrBrowser.release.xcconfig */;
			buildSettings = {
				ASSETCATALOG_COMPILER_APPICON_NAME = AppIcon;
				DEVELOPMENT_TEAM = B75YN3KWEL;
				INFOPLIST_FILE = PowrBrowser/Info.plist;
				IPHONEOS_DEPLOYMENT_TARGET = 9.0;
				LD_RUNPATH_SEARCH_PATHS = "$(inherited) @executable_path/Frameworks";
				PRODUCT_BUNDLE_IDENTIFIER = com.powr.PowrBrowser;
				PRODUCT_NAME = "$(TARGET_NAME)";
				SWIFT_VERSION = 3.0;
			};
			name = Release;
		};
/* End XCBuildConfiguration section */

/* Begin XCConfigurationList section */
		A328A60E1E29CD5F007F52E6 /* Build configuration list for PBXProject "PowrBrowser" */ = {
			isa = XCConfigurationList;
			buildConfigurations = (
				A328A6231E29CD5F007F52E6 /* Debug */,
				A328A6241E29CD5F007F52E6 /* Release */,
			);
			defaultConfigurationIsVisible = 0;
			defaultConfigurationName = Release;
		};
		A328A6251E29CD5F007F52E6 /* Build configuration list for PBXNativeTarget "PowrBrowser" */ = {
			isa = XCConfigurationList;
			buildConfigurations = (
				A328A6261E29CD5F007F52E6 /* Debug */,
				A328A6271E29CD5F007F52E6 /* Release */,
			);
			defaultConfigurationIsVisible = 0;
			defaultConfigurationName = Release;
		};
/* End XCConfigurationList section */
	};
	rootObject = A328A60B1E29CD5F007F52E6 /* Project object */;
}
